{
  "originHash" : "a2fc303e4b16c93c972ef2ddc4042cf91a9400e5d1639bc9740a80c0336cdd4e",
  "pins" : [
    {
      "identity" : "posthog-ios",
      "kind" : "remoteSourceControl",
      "location" : "https://github.com/PostHog/posthog-ios",
      "state" : {
        "revision" : "4642df21b8f4d16dbffcdfe92dbfe97f80b946fc",
        "version" : "3.90.1"
      }
    }
  ],
  "version" : 3
}
